{
  "name": "budgetlaw",
  "version": "0.1.0",
  "lockfileVersion": 1,
  "requires": true,
  "dependencies": {
    "circular-json": {
      "version": "0.3.3",
      "resolved": "https://registry.npmjs.org/circular-json/-/circular-json-0.3.3.tgz",
      "integrity": "sha512-UZK3NBx2Mca+b5LsG7bY183pHWt5Y1xts4P3Pz7ENTwGVnJOUWbRb3ocjvX7hx9tq/yTAdclXm9sZ38gNuem4A=="
    },
    "js-tokens": {
      "version": "4.0.0",
      "resolved": "https://registry.npmjs.org/js-tokens/-/js-tokens-4.0.0.tgz",
      "integrity": "sha512-RdJUflcE3cUzKiMqQgsCu06FPu9UdIJO0beYbPhHN4k6apgJtifcoCtT9bcxOpYBtpD2kCM6Sbzg4CausW/PKQ=="
    },
    "lodash": {
      "version": "4.17.11",
      "resolved": "https://registry.npmjs.org/lodash/-/lodash-4.17.11.tgz",
      "integrity": "sha512-cQKh8igo5QUhZ7lg38DYWAxMvjSAKG0A8wGSVimP07SIUEK2UO+arSRKbRZWtelMtN5V0Hkwh5ryOto/SshYIg=="
    },
    "loose-envify": {
      "version": "1.4.0",
      "resolved": "https://registry.npmjs.org/loose-envify/-/loose-envify-1.4.0.tgz",
      "integrity": "sha512-lyuxPGr/Wfhrlem2CL/UcnUc1zcqKAImBDzukY7Y5F/yQiNdko6+fRLevlw1HgMySw7f611UIY408EtxRSoK3Q==",
      "requires": {
        "js-tokens": "4.0.0"
      }
    },
    "object-assign": {
      "version": "4.1.1",
      "resolved": "https://registry.npmjs.org/object-assign/-/object-assign-4.1.1.tgz",
      "integrity": "sha1-IQmtx5ZYh8/AXLvUQsrIv7s2CGM="
    },
    "prop-types": {
      "version": "15.6.2",
      "resolved": "https://registry.npmjs.org/prop-types/-/prop-types-15.6.2.tgz",
      "integrity": "sha512-3pboPvLiWD7dkI3qf3KbUe6hKFKa52w+AE0VCqECtf+QHAKgOL37tTaNCnuX1nAAQ4ZhyP+kYVKf8rLmJ/feDQ==",
      "requires": {
        "loose-envify": "1.4.0",
        "object-assign": "4.1.1"
      }
    },
    "random-id": {
      "version": "0.0.2",
      "resolved": "http://registry.npmjs.org/random-id/-/random-id-0.0.2.tgz",
      "integrity": "sha1-KRt9dtOckUGWyksZ2DUJ5nzfFZA="
    },
    "react-simple-chatbot": {
      "version": "0.3.7",
      "resolved": "https://registry.npmjs.org/react-simple-chatbot/-/react-simple-chatbot-0.3.7.tgz",
      "integrity": "sha512-aOpAnppiMmIsuxDcadIx20FpTTBiKWERc7H+U7VqTBLFz+DBLtZh2zM4lrPZYQOKJsvTJ8kudmGHFj4gJ8hcsw==",
      "requires": {
        "circular-json": "0.3.3",
        "lodash": "4.17.11",
        "prop-types": "15.6.2",
        "random-id": "0.0.2",
        "react": "16.5.2",
        "react-dom": "16.5.2"
      },
      "dependencies": {
        "react": {
          "version": "16.5.2",
          "resolved": "https://registry.npmjs.org/react/-/react-16.5.2.tgz",
          "integrity": "sha512-FDCSVd3DjVTmbEAjUNX6FgfAmQ+ypJfHUsqUJOYNCBUp1h8lqmtC+0mXJ+JjsWx4KAVTkk1vKd1hLQPvEviSuw==",
          "requires": {
            "loose-envify": "1.4.0",
            "object-assign": "4.1.1",
            "prop-types": "15.6.2",
            "schedule": "0.5.0"
          }
        },
        "react-dom": {
          "version": "16.5.2",
          "resolved": "https://registry.npmjs.org/react-dom/-/react-dom-16.5.2.tgz",
          "integrity": "sha512-RC8LDw8feuZOHVgzEf7f+cxBr/DnKdqp56VU0lAs1f4UfKc4cU8wU4fTq/mgnvynLQo8OtlPC19NUFh/zjZPuA==",
          "requires": {
            "loose-envify": "1.4.0",
            "object-assign": "4.1.1",
            "prop-types": "15.6.2",
            "schedule": "0.5.0"
          }
        }
      }
    },
    "schedule": {
      "version": "0.5.0",
      "resolved": "https://registry.npmjs.org/schedule/-/schedule-0.5.0.tgz",
      "integrity": "sha512-HUcJicG5Ou8xfR//c2rPT0lPIRR09vVvN81T9fqfVgBmhERUbDEQoYKjpBxbueJnCPpSu2ujXzOnRQt6x9o/jw==",
      "requires": {
        "object-assign": "4.1.1"
      }
    }
  }
}
